// !$*UTF8*$!
{
	archiveVersion = 1;
	classes = {
	};
	objectVersion = 50;
	objects = {

/* Begin PBXBuildFile section */
		A1C95939253DB75B00E6139C /* AppDelegate.swift in Sources */ = {isa = PBXBuildFile; fileRef = A1C95938253DB75B00E6139C /* AppDelegate.swift */; };
		A1C9593B253DB75B00E6139C /* SceneDelegate.swift in Sources */ = {isa = PBXBuildFile; fileRef = A1C9593A253DB75B00E6139C /* SceneDelegate.swift */; };
		A1C9593D253DB75B00E6139C /* ViewController.swift in Sources */ = {isa = PBXBuildFile; fileRef = A1C9593C253DB75B00E6139C /* ViewController.swift */; };
		A1C95940253DB75B00E6139C /* Main.storyboard in Resources */ = {isa = PBXBuildFile; fileRef = A1C9593E253DB75B00E6139C /* Main.storyboard */; };
		A1C95943253DB75B00E6139C /* Persistency.xcdatamodeld in Sources */ = {isa = PBXBuildFile; fileRef = A1C95941253DB75B00E6139C /* Persistency.xcdatamodeld */; };
		A1C95945253DB75C00E6139C /* Assets.xcassets in Resources */ = {isa = PBXBuildFile; fileRef = A1C95944253DB75C00E6139C /* Assets.xcassets */; };
		A1C95948253DB75C00E6139C /* LaunchScreen.storyboard in Resources */ = {isa = PBXBuildFile; fileRef = A1C95946253DB75C00E6139C /* LaunchScreen.storyboard */; };
		A1C95953253DB75C00E6139C /* PersistencyTests.swift in Sources */ = {isa = PBXBuildFile; fileRef = A1C95952253DB75C00E6139C /* PersistencyTests.swift */; };
		A1C9595E253DB75C00E6139C /* PersistencyUITests.swift in Sources */ = {isa = PBXBuildFile; fileRef = A1C9595D253DB75C00E6139C /* PersistencyUITests.swift */; };
		A1C9596F253DB9B700E6139C /* MasterViewController.swift in Sources */ = {isa = PBXBuildFile; fileRef = A1C9596E253DB9B700E6139C /* MasterViewController.swift */; };
		A1C9597B253DBDF200E6139C /* EditViewController.swift in Sources */ = {isa = PBXBuildFile; fileRef = A1C9597A253DBDF200E6139C /* EditViewController.swift */; };
/* End PBXBuildFile section */

/* Begin PBXContainerItemProxy section */
		A1C9594F253DB75C00E6139C /* PBXContainerItemProxy */ = {
			isa = PBXContainerItemProxy;
			containerPortal = A1C9592D253DB75B00E6139C /* Project object */;
			proxyType = 1;
			remoteGlobalIDString = A1C95934253DB75B00E6139C;
			remoteInfo = Persistency;
		};
		A1C9595A253DB75C00E6139C /* PBXContainerItemProxy */ = {
			isa = PBXContainerItemProxy;
			containerPortal = A1C9592D253DB75B00E6139C /* Project object */;
			proxyType = 1;
			remoteGlobalIDString = A1C95934253DB75B00E6139C;
			remoteInfo = Persistency;
		};
/* End PBXContainerItemProxy section */

/* Begin PBXFileReference section */
		A1C95935253DB75B00E6139C /* Persistency.app */ = {isa = PBXFileReference; explicitFileType = wrapper.application; includeInIndex = 0; path = Persistency.app; sourceTree = BUILT_PRODUCTS_DIR; };
		A1C95938253DB75B00E6139C /* AppDelegate.swift */ = {isa = PBXFileReference; lastKnownFileType = sourcecode.swift; path = AppDelegate.swift; sourceTree = "<group>"; };
		A1C9593A253DB75B00E6139C /* SceneDelegate.swift */ = {isa = PBXFileReference; lastKnownFileType = sourcecode.swift; path = SceneDelegate.swift; sourceTree = "<group>"; };
		A1C9593C253DB75B00E6139C /* ViewController.swift */ = {isa = PBXFileReference; lastKnownFileType = sourcecode.swift; path = ViewController.swift; sourceTree = "<group>"; };
		A1C9593F253DB75B00E6139C /* Base */ = {isa = PBXFileReference; lastKnownFileType = file.storyboard; name = Base; path = Base.lproj/Main.storyboard; sourceTree = "<group>"; };
		A1C95942253DB75B00E6139C /* Persistency.xcdatamodel */ = {isa = PBXFileReference; lastKnownFileType = wrapper.xcdatamodel; path = Persistency.xcdatamodel; sourceTree = "<group>"; };
		A1C95944253DB75C00E6139C /* Assets.xcassets */ = {isa = PBXFileReference; lastKnownFileType = folder.assetcatalog; path = Assets.xcassets; sourceTree = "<group>"; };
		A1C95947253DB75C00E6139C /* Base */ = {isa = PBXFileReference; lastKnownFileType = file.storyboard; name = Base; path = Base.lproj/LaunchScreen.storyboard; sourceTree = "<group>"; };
		A1C95949253DB75C00E6139C /* Info.plist */ = {isa = PBXFileReference; lastKnownFileType = text.plist.xml; path = Info.plist; sourceTree = "<group>"; };
		A1C9594E253DB75C00E6139C /* PersistencyTests.xctest */ = {isa = PBXFileReference; explicitFileType = wrapper.cfbundle; includeInIndex = 0; path = PersistencyTests.xctest; sourceTree = BUILT_PRODUCTS_DIR; };
		A1C95952253DB75C00E6139C /* PersistencyTests.swift */ = {isa = PBXFileReference; lastKnownFileType = sourcecode.swift; path = PersistencyTests.swift; sourceTree = "<group>"; };
		A1C95954253DB75C00E6139C /* Info.plist */ = {isa = PBXFileReference; lastKnownFileType = text.plist.xml; path = Info.plist; sourceTree = "<group>"; };
		A1C95959253DB75C00E6139C /* PersistencyUITests.xctest */ = {isa = PBXFileReference; explicitFileType = wrapper.cfbundle; includeInIndex = 0; path = PersistencyUITests.xctest; sourceTree = BUILT_PRODUCTS_DIR; };
		A1C9595D253DB75C00E6139C /* PersistencyUITests.swift */ = {isa = PBXFileReference; lastKnownFileType = sourcecode.swift; path = PersistencyUITests.swift; sourceTree = "<group>"; };
		A1C9595F253DB75C00E6139C /* Info.plist */ = {isa = PBXFileReference; lastKnownFileType = text.plist.xml; path = Info.plist; sourceTree = "<group>"; };
		A1C9596E253DB9B700E6139C /* MasterViewController.swift */ = {isa = PBXFileReference; lastKnownFileType = sourcecode.swift; path = MasterViewController.swift; sourceTree = "<group>"; };
		A1C9597A253DBDF200E6139C /* EditViewController.swift */ = {isa = PBXFileReference; lastKnownFileType = sourcecode.swift; path = EditViewController.swift; sourceTree = "<group>"; };
/* End PBXFileReference section */

/* Begin PBXFrameworksBuildPhase section */
		A1C95932253DB75B00E6139C /* Frameworks */ = {
			isa = PBXFrameworksBuildPhase;
			buildActionMask = 2147483647;
			files = (
			);
			runOnlyForDeploymentPostprocessing = 0;
		};
		A1C9594B253DB75C00E6139C /* Frameworks */ = {
			isa = PBXFrameworksBuildPhase;
			buildActionMask = 2147483647;
			files = (
			);
			runOnlyForDeploymentPostprocessing = 0;
		};
		A1C95956253DB75C00E6139C /* Frameworks */ = {
			isa = PBXFrameworksBuildPhase;
			buildActionMask = 2147483647;
			files = (
			);
			runOnlyForDeploymentPostprocessing = 0;
		};
/* End PBXFrameworksBuildPhase section */

/* Begin PBXGroup section */
		A1C9592C253DB75B00E6139C = {
			isa = PBXGroup;
			children = (
				A1C95937253DB75B00E6139C /* Persistency */,
				A1C95951253DB75C00E6139C /* PersistencyTests */,
				A1C9595C253DB75C00E6139C /* PersistencyUITests */,
				A1C95936253DB75B00E6139C /* Products */,
			);
			sourceTree = "<group>";
		};
		A1C95936253DB75B00E6139C /* Products */ = {
			isa = PBXGroup;
			children = (
				A1C95935253DB75B00E6139C /* Persistency.app */,
				A1C9594E253DB75C00E6139C /* PersistencyTests.xctest */,
				A1C95959253DB75C00E6139C /* PersistencyUITests.xctest */,
			);
			name = Products;
			sourceTree = "<group>";
		};
		A1C95937253DB75B00E6139C /* Persistency */ = {
			isa = PBXGroup;
			children = (
				A1C95938253DB75B00E6139C /* AppDelegate.swift */,
				A1C9593A253DB75B00E6139C /* SceneDelegate.swift */,
				A1C9593C253DB75B00E6139C /* ViewController.swift */,
				A1C9593E253DB75B00E6139C /* Main.storyboard */,
				A1C95944253DB75C00E6139C /* Assets.xcassets */,
				A1C95946253DB75C00E6139C /* LaunchScreen.storyboard */,
				A1C95949253DB75C00E6139C /* Info.plist */,
				A1C95941253DB75B00E6139C /* Persistency.xcdatamodeld */,
				A1C9596E253DB9B700E6139C /* MasterViewController.swift */,
				A1C9597A253DBDF200E6139C /* EditViewController.swift */,
			);
			path = Persistency;
			sourceTree = "<group>";
		};
		A1C95951253DB75C00E6139C /* PersistencyTests */ = {
			isa = PBXGroup;
			children = (
				A1C95952253DB75C00E6139C /* PersistencyTests.swift */,
				A1C95954253DB75C00E6139C /* Info.plist */,
			);
			path = PersistencyTests;
			sourceTree = "<group>";
		};
		A1C9595C253DB75C00E6139C /* PersistencyUITests */ = {
			isa = PBXGroup;
			children = (
				A1C9595D253DB75C00E6139C /* PersistencyUITests.swift */,
				A1C9595F253DB75C00E6139C /* Info.plist */,
			);
			path = PersistencyUITests;
			sourceTree = "<group>";
		};
/* End PBXGroup section */

/* Begin PBXNativeTarget section */
		A1C95934253DB75B00E6139C /* Persistency */ = {
			isa = PBXNativeTarget;
			buildConfigurationList = A1C95962253DB75C00E6139C /* Build configuration list for PBXNativeTarget "Persistency" */;
			buildPhases = (
				A1C95931253DB75B00E6139C /* Sources */,
				A1C95932253DB75B00E6139C /* Frameworks */,
				A1C95933253DB75B00E6139C /* Resources */,
			);
			buildRules = (
			);
			dependencies = (
			);
			name = Persistency;
			productName = Persistency;
			productReference = A1C95935253DB75B00E6139C /* Persistency.app */;
			productType = "com.apple.product-type.application";
		};
		A1C9594D253DB75C00E6139C /* PersistencyTests */ = {
			isa = PBXNativeTarget;
			buildConfigurationList = A1C95965253DB75C00E6139C /* Build configuration list for PBXNativeTarget "PersistencyTests" */;
			buildPhases = (
				A1C9594A253DB75C00E6139C /* Sources */,
				A1C9594B253DB75C00E6139C /* Frameworks */,
				A1C9594C253DB75C00E6139C /* Resources */,
			);
			buildRules = (
			);
			dependencies = (
				A1C95950253DB75C00E6139C /* PBXTargetDependency */,
			);
			name = PersistencyTests;
			productName = PersistencyTests;
			productReference = A1C9594E253DB75C00E6139C /* PersistencyTests.xctest */;
			productType = "com.apple.product-type.bundle.unit-test";
		};
		A1C95958253DB75C00E6139C /* PersistencyUITests */ = {
			isa = PBXNativeTarget;
			buildConfigurationList = A1C95968253DB75C00E6139C /* Build configuration list for PBXNativeTarget "PersistencyUITests" */;
			buildPhases = (
				A1C95955253DB75C00E6139C /* Sources */,
				A1C95956253DB75C00E6139C /* Frameworks */,
				A1C95957253DB75C00E6139C /* Resources */,
			);
			buildRules = (
			);
			dependencies = (
				A1C9595B253DB75C00E6139C /* PBXTargetDependency */,
			);
			name = PersistencyUITests;
			productName = PersistencyUITests;
			productReference = A1C95959253DB75C00E6139C /* PersistencyUITests.xctest */;
			productType = "com.apple.product-type.bundle.ui-testing";
		};
/* End PBXNativeTarget section */

/* Begin PBXProject section */
		A1C9592D253DB75B00E6139C /* Project object */ = {
			isa = PBXProject;
			attributes = {
				LastSwiftUpdateCheck = 1200;
				LastUpgradeCheck = 1200;
				TargetAttributes = {
					A1C95934253DB75B00E6139C = {
						CreatedOnToolsVersion = 12.0.1;
					};
					A1C9594D253DB75C00E6139C = {
						CreatedOnToolsVersion = 12.0.1;
						TestTargetID = A1C95934253DB75B00E6139C;
					};
					A1C95958253DB75C00E6139C = {
						CreatedOnToolsVersion = 12.0.1;
						TestTargetID = A1C95934253DB75B00E6139C;
					};
				};
			};
			buildConfigurationList = A1C95930253DB75B00E6139C /* Build configuration list for PBXProject "Persistency" */;
			compatibilityVersion = "Xcode 9.3";
			developmentRegion = en;
			hasScannedForEncodings = 0;
			knownRegions = (
				en,
				Base,
			);
			mainGroup = A1C9592C253DB75B00E6139C;
			productRefGroup = A1C95936253DB75B00E6139C /* Products */;
			projectDirPath = "";
			projectRoot = "";
			targets = (
				A1C95934253DB75B00E6139C /* Persistency */,
				A1C9594D253DB75C00E6139C /* PersistencyTests */,
				A1C95958253DB75C00E6139C /* PersistencyUITests */,
			);
		};
/* End PBXProject section */

/* Begin PBXResourcesBuildPhase section */
		A1C95933253DB75B00E6139C /* Resources */ = {
			isa = PBXResourcesBuildPhase;
			buildActionMask = 2147483647;
			files = (
				A1C95948253DB75C00E6139C /* LaunchScreen.storyboard in Resources */,
				A1C95945253DB75C00E6139C /* Assets.xcassets in Resources */,
				A1C95940253DB75B00E6139C /* Main.storyboard in Resources */,
			);
			runOnlyForDeploymentPostprocessing = 0;
		};
		A1C9594C253DB75C00E6139C /* Resources */ = {
			isa = PBXResourcesBuildPhase;
			buildActionMask = 2147483647;
			files = (
			);
			runOnlyForDeploymentPostprocessing = 0;
		};
		A1C95957253DB75C00E6139C /* Resources */ = {
			isa = PBXResourcesBuildPhase;
			buildActionMask = 2147483647;
			files = (
			);
			runOnlyForDeploymentPostprocessing = 0;
		};
/* End PBXResourcesBuildPhase section */

/* Begin PBXSourcesBuildPhase section */
		A1C95931253DB75B00E6139C /* Sources */ = {
			isa = PBXSourcesBuildPhase;
			buildActionMask = 2147483647;
			files = (
				A1C9597B253DBDF200E6139C /* EditViewController.swift in Sources */,
				A1C9596F253DB9B700E6139C /* MasterViewController.swift in Sources */,
				A1C9593D253DB75B00E6139C /* ViewController.swift in Sources */,
				A1C95943253DB75B00E6139C /* Persistency.xcdatamodeld in Sources */,
				A1C95939253DB75B00E6139C /* AppDelegate.swift in Sources */,
				A1C9593B253DB75B00E6139C /* SceneDelegate.swift in Sources */,
			);
			runOnlyForDeploymentPostprocessing = 0;
		};
		A1C9594A253DB75C00E6139C /* Sources */ = {
			isa = PBXSourcesBuildPhase;
			buildActionMask = 2147483647;
			files = (
				A1C95953253DB75C00E6139C /* PersistencyTests.swift in Sources */,
			);
			runOnlyForDeploymentPostprocessing = 0;
		};
		A1C95955253DB75C00E6139C /* Sources */ = {
			isa = PBXSourcesBuildPhase;
			buildActionMask = 2147483647;
			files = (
				A1C9595E253DB75C00E6139C /* PersistencyUITests.swift in Sources */,
			);
			runOnlyForDeploymentPostprocessing = 0;
		};
/* End PBXSourcesBuildPhase section */

/* Begin PBXTargetDependency section */
		A1C95950253DB75C00E6139C /* PBXTargetDependency */ = {
			isa = PBXTargetDependency;
			target = A1C95934253DB75B00E6139C /* Persistency */;
			targetProxy = A1C9594F253DB75C00E6139C /* PBXContainerItemProxy */;
		};
		A1C9595B253DB75C00E6139C /* PBXTargetDependency */ = {
			isa = PBXTargetDependency;
			target = A1C95934253DB75B00E6139C /* Persistency */;
			targetProxy = A1C9595A253DB75C00E6139C /* PBXContainerItemProxy */;
		};
/* End PBXTargetDependency section */

/* Begin PBXVariantGroup section */
		A1C9593E253DB75B00E6139C /* Main.storyboard */ = {
			isa = PBXVariantGroup;
			children = (
				A1C9593F253DB75B00E6139C /* Base */,
			);
			name = Main.storyboard;
			sourceTree = "<group>";
		};
		A1C95946253DB75C00E6139C /* LaunchScreen.storyboard */ = {
			isa = PBXVariantGroup;
			children = (
				A1C95947253DB75C00E6139C /* Base */,
			);
			name = LaunchScreen.storyboard;
			sourceTree = "<group>";
		};
/* End PBXVariantGroup section */

/* Begin XCBuildConfiguration section */
		A1C95960253DB75C00E6139C /* Debug */ = {
			isa = XCBuildConfiguration;
			buildSettings = {
				ALWAYS_SEARCH_USER_PATHS = NO;
				CLANG_ANALYZER_NONNULL = YES;
				CLANG_ANALYZER_NUMBER_OBJECT_CONVERSION = YES_AGGRESSIVE;
				CLANG_CXX_LANGUAGE_STANDARD = "gnu++14";
				CLANG_CXX_LIBRARY = "libc++";
				CLANG_ENABLE_MODULES = YES;
				CLANG_ENABLE_OBJC_ARC = YES;
				CLANG_ENABLE_OBJC_WEAK = YES;
				CLANG_WARN_BLOCK_CAPTURE_AUTORELEASING = YES;
				CLANG_WARN_BOOL_CONVERSION = YES;
				CLANG_WARN_COMMA = YES;
				CLANG_WARN_CONSTANT_CONVERSION = YES;
				CLANG_WARN_DEPRECATED_OBJC_IMPLEMENTATIONS = YES;
				CLANG_WARN_DIRECT_OBJC_ISA_USAGE = YES_ERROR;
				CLANG_WARN_DOCUMENTATION_COMMENTS = YES;
				CLANG_WARN_EMPTY_BODY = YES;
				CLANG_WARN_ENUM_CONVERSION = YES;
				CLANG_WARN_INFINITE_RECURSION = YES;
				CLANG_WARN_INT_CONVERSION = YES;
				CLANG_WARN_NON_LITERAL_NULL_CONVERSION = YES;
				CLANG_WARN_OBJC_IMPLICIT_RETAIN_SELF = YES;
				CLANG_WARN_OBJC_LITERAL_CONVERSION = YES;
				CLANG_WARN_OBJC_ROOT_CLASS = YES_ERROR;
				CLANG_WARN_QUOTED_INCLUDE_IN_FRAMEWORK_HEADER = YES;
				CLANG_WARN_RANGE_LOOP_ANALYSIS = YES;
				CLANG_WARN_STRICT_PROTOTYPES = YES;
				CLANG_WARN_SUSPICIOUS_MOVE = YES;
				CLANG_WARN_UNGUARDED_AVAILABILITY = YES_AGGRESSIVE;
				CLANG_WARN_UNREACHABLE_CODE = YES;
				CLANG_WARN__DUPLICATE_METHOD_MATCH = YES;
				COPY_PHASE_STRIP = NO;
				DEBUG_INFORMATION_FORMAT = dwarf;
				ENABLE_STRICT_OBJC_MSGSEND = YES;
				ENABLE_TESTABILITY = YES;
				GCC_C_LANGUAGE_STANDARD = gnu11;
				GCC_DYNAMIC_NO_PIC = NO;
				GCC_NO_COMMON_BLOCKS = YES;
				GCC_OPTIMIZATION_LEVEL = 0;
				GCC_PREPROCESSOR_DEFINITIONS = (
					"DEBUG=1",
					"$(inherited)",
				);
				GCC_WARN_64_TO_32_BIT_CONVERSION = YES;
				GCC_WARN_ABOUT_RETURN_TYPE = YES_ERROR;
				GCC_WARN_UNDECLARED_SELECTOR = YES;
				GCC_WARN_UNINITIALIZED_AUTOS = YES_AGGRESSIVE;
				GCC_WARN_UNUSED_FUNCTION = YES;
				GCC_WARN_UNUSED_VARIABLE = YES;
				IPHONEOS_DEPLOYMENT_TARGET = 14.0;
				MTL_ENABLE_DEBUG_INFO = INCLUDE_SOURCE;
				MTL_FAST_MATH = YES;
				ONLY_ACTIVE_ARCH = YES;
				SDKROOT = iphoneos;
				SWIFT_ACTIVE_COMPILATION_CONDITIONS = DEBUG;
				SWIFT_OPTIMIZATION_LEVEL = "-Onone";
			};
			name = Debug;
		};
		A1C95961253DB75C00E6139C /* Release */ = {
			isa = XCBuildConfiguration;
			buildSettings = {
				ALWAYS_SEARCH_USER_PATHS = NO;
				CLANG_ANALYZER_NONNULL = YES;
				CLANG_ANALYZER_NUMBER_OBJECT_CONVERSION = YES_AGGRESSIVE;
				CLANG_CXX_LANGUAGE_STANDARD = "gnu++14";
				CLANG_CXX_LIBRARY = "libc++";
				CLANG_ENABLE_MODULES = YES;
				CLANG_ENABLE_OBJC_ARC = YES;
				CLANG_ENABLE_OBJC_WEAK = YES;
				CLANG_WARN_BLOCK_CAPTURE_AUTORELEASING = YES;
				CLANG_WARN_BOOL_CONVERSION = YES;
				CLANG_WARN_COMMA = YES;
				CLANG_WARN_CONSTANT_CONVERSION = YES;
				CLANG_WARN_DEPRECATED_OBJC_IMPLEMENTATIONS = YES;
				CLANG_WARN_DIRECT_OBJC_ISA_USAGE = YES_ERROR;
				CLANG_WARN_DOCUMENTATION_COMMENTS = YES;
				CLANG_WARN_EMPTY_BODY = YES;
				CLANG_WARN_ENUM_CONVERSION = YES;
				CLANG_WARN_INFINITE_RECURSION = YES;
				CLANG_WARN_INT_CONVERSION = YES;
				CLANG_WARN_NON_LITERAL_NULL_CONVERSION = YES;
				CLANG_WARN_OBJC_IMPLICIT_RETAIN_SELF = YES;
				CLANG_WARN_OBJC_LITERAL_CONVERSION = YES;
				CLANG_WARN_OBJC_ROOT_CLASS = YES_ERROR;
				CLANG_WARN_QUOTED_INCLUDE_IN_FRAMEWORK_HEADER = YES;
				CLANG_WARN_RANGE_LOOP_ANALYSIS = YES;
				CLANG_WARN_STRICT_PROTOTYPES = YES;
				CLANG_WARN_SUSPICIOUS_MOVE = YES;
				CLANG_WARN_UNGUARDED_AVAILABILITY = YES_AGGRESSIVE;
				CLANG_WARN_UNREACHABLE_CODE = YES;
				CLANG_WARN__DUPLICATE_METHOD_MATCH = YES;
				COPY_PHASE_STRIP = NO;
				DEBUG_INFORMATION_FORMAT = "dwarf-with-dsym";
				ENABLE_NS_ASSERTIONS = NO;
				ENABLE_STRICT_OBJC_MSGSEND = YES;
				GCC_C_LANGUAGE_STANDARD = gnu11;
				GCC_NO_COMMON_BLOCKS = YES;
				GCC_WARN_64_TO_32_BIT_CONVERSION = YES;
				GCC_WARN_ABOUT_RETURN_TYPE = YES_ERROR;
				GCC_WARN_UNDECLARED_SELECTOR = YES;
				GCC_WARN_UNINITIALIZED_AUTOS = YES_AGGRESSIVE;
				GCC_WARN_UNUSED_FUNCTION = YES;
				GCC_WARN_UNUSED_VARIABLE = YES;
				IPHONEOS_DEPLOYMENT_TARGET = 14.0;
				MTL_ENABLE_DEBUG_INFO = NO;
				MTL_FAST_MATH = YES;
				SDKROOT = iphoneos;
				SWIFT_COMPILATION_MODE = wholemodule;
				SWIFT_OPTIMIZATION_LEVEL = "-O";
				VALIDATE_PRODUCT = YES;
			};
			name = Release;
		};
		A1C95963253DB75C00E6139C /* Debug */ = {
			isa = XCBuildConfiguration;
			buildSettings = {
				ASSETCATALOG_COMPILER_APPICON_NAME = AppIcon;
				ASSETCATALOG_COMPILER_GLOBAL_ACCENT_COLOR_NAME = AccentColor;
				CODE_SIGN_STYLE = Automatic;
				INFOPLIST_FILE = Persistency/Info.plist;
				LD_RUNPATH_SEARCH_PATHS = (
					"$(inherited)",
					"@executable_path/Frameworks",
				);
				PRODUCT_BUNDLE_IDENTIFIER = ch.hslu.ios.Persistency;
				PRODUCT_NAME = "$(TARGET_NAME)";
				SWIFT_VERSION = 5.0;
				TARGETED_DEVICE_FAMILY = "1,2";
			};
			name = Debug;
		};
		A1C95964253DB75C00E6139C /* Release */ = {
			isa = XCBuildConfiguration;
			buildSettings = {
				ASSETCATALOG_COMPILER_APPICON_NAME = AppIcon;
				ASSETCATALOG_COMPILER_GLOBAL_ACCENT_COLOR_NAME = AccentColor;
				CODE_SIGN_STYLE = Automatic;
				INFOPLIST_FILE = Persistency/Info.plist;
				LD_RUNPATH_SEARCH_PATHS = (
					"$(inherited)",
					"@executable_path/Frameworks",
				);
				PRODUCT_BUNDLE_IDENTIFIER = ch.hslu.ios.Persistency;
				PRODUCT_NAME = "$(TARGET_NAME)";
				SWIFT_VERSION = 5.0;
				TARGETED_DEVICE_FAMILY = "1,2";
			};
			name = Release;
		};
		A1C95966253DB75C00E6139C /* Debug */ = {
			isa = XCBuildConfiguration;
			buildSettings = {
				ALWAYS_EMBED_SWIFT_STANDARD_LIBRARIES = YES;
				BUNDLE_LOADER = "$(TEST_HOST)";
				CODE_SIGN_STYLE = Automatic;
				INFOPLIST_FILE = PersistencyTests/Info.plist;
				IPHONEOS_DEPLOYMENT_TARGET = 14.0;
				LD_RUNPATH_SEARCH_PATHS = (
					"$(inherited)",
					"@executable_path/Frameworks",
					"@loader_path/Frameworks",
				);
				PRODUCT_BUNDLE_IDENTIFIER = ch.hslu.ios.PersistencyTests;
				PRODUCT_NAME = "$(TARGET_NAME)";
				SWIFT_VERSION = 5.0;
				TARGETED_DEVICE_FAMILY = "1,2";
				TEST_HOST = "$(BUILT_PRODUCTS_DIR)/Persistency.app/Persistency";
			};
			name = Debug;
		};
		A1C95967253DB75C00E6139C /* Release */ = {
			isa = XCBuildConfiguration;
			buildSettings = {
				ALWAYS_EMBED_SWIFT_STANDARD_LIBRARIES = YES;
				BUNDLE_LOADER = "$(TEST_HOST)";
				CODE_SIGN_STYLE = Automatic;
				INFOPLIST_FILE = PersistencyTests/Info.plist;
				IPHONEOS_DEPLOYMENT_TARGET = 14.0;
				LD_RUNPATH_SEARCH_PATHS = (
					"$(inherited)",
					"@executable_path/Frameworks",
					"@loader_path/Frameworks",
				);
				PRODUCT_BUNDLE_IDENTIFIER = ch.hslu.ios.PersistencyTests;
				PRODUCT_NAME = "$(TARGET_NAME)";
				SWIFT_VERSION = 5.0;
				TARGETED_DEVICE_FAMILY = "1,2";
				TEST_HOST = "$(BUILT_PRODUCTS_DIR)/Persistency.app/Persistency";
			};
			name = Release;
		};
		A1C95969253DB75C00E6139C /* Debug */ = {
			isa = XCBuildConfiguration;
			buildSettings = {
				ALWAYS_EMBED_SWIFT_STANDARD_LIBRARIES = YES;
				CODE_SIGN_STYLE = Automatic;
				INFOPLIST_FILE = PersistencyUITests/Info.plist;
				LD_RUNPATH_SEARCH_PATHS = (
					"$(inherited)",
					"@executable_path/Frameworks",
					"@loader_path/Frameworks",
				);
				PRODUCT_BUNDLE_IDENTIFIER = ch.hslu.ios.PersistencyUITests;
				PRODUCT_NAME = "$(TARGET_NAME)";
				SWIFT_VERSION = 5.0;
				TARGETED_DEVICE_FAMILY = "1,2";
				TEST_TARGET_NAME = Persistency;
			};
			name = Debug;
		};
		A1C9596A253DB75C00E6139C /* Release */ = {
			isa = XCBuildConfiguration;
			buildSettings = {
				ALWAYS_EMBED_SWIFT_STANDARD_LIBRARIES = YES;
				CODE_SIGN_STYLE = Automatic;
				INFOPLIST_FILE = PersistencyUITests/Info.plist;
				LD_RUNPATH_SEARCH_PATHS = (
					"$(inherited)",
					"@executable_path/Frameworks",
					"@loader_path/Frameworks",
				);
				PRODUCT_BUNDLE_IDENTIFIER = ch.hslu.ios.PersistencyUITests;
				PRODUCT_NAME = "$(TARGET_NAME)";
				SWIFT_VERSION = 5.0;
				TARGETED_DEVICE_FAMILY = "1,2";
				TEST_TARGET_NAME = Persistency;
			};
			name = Release;
		};
/* End XCBuildConfiguration section */

/* Begin XCConfigurationList section */
		A1C95930253DB75B00E6139C /* Build configuration list for PBXProject "Persistency" */ = {
			isa = XCConfigurationList;
			buildConfigurations = (
				A1C95960253DB75C00E6139C /* Debug */,
				A1C95961253DB75C00E6139C /* Release */,
			);
			defaultConfigurationIsVisible = 0;
			defaultConfigurationName = Release;
		};
		A1C95962253DB75C00E6139C /* Build configuration list for PBXNativeTarget "Persistency" */ = {
			isa = XCConfigurationList;
			buildConfigurations = (
				A1C95963253DB75C00E6139C /* Debug */,
				A1C95964253DB75C00E6139C /* Release */,
			);
			defaultConfigurationIsVisible = 0;
			defaultConfigurationName = Release;
		};
		A1C95965253DB75C00E6139C /* Build configuration list for PBXNativeTarget "PersistencyTests" */ = {
			isa = XCConfigurationList;
			buildConfigurations = (
				A1C95966253DB75C00E6139C /* Debug */,
				A1C95967253DB75C00E6139C /* Release */,
			);
			defaultConfigurationIsVisible = 0;
			defaultConfigurationName = Release;
		};
		A1C95968253DB75C00E6139C /* Build configuration list for PBXNativeTarget "PersistencyUITests" */ = {
			isa = XCConfigurationList;
			buildConfigurations = (
				A1C95969253DB75C00E6139C /* Debug */,
				A1C9596A253DB75C00E6139C /* Release */,
			);
			defaultConfigurationIsVisible = 0;
			defaultConfigurationName = Release;
		};
/* End XCConfigurationList section */

/* Begin XCVersionGroup section */
		A1C95941253DB75B00E6139C /* Persistency.xcdatamodeld */ = {
			isa = XCVersionGroup;
			children = (
				A1C95942253DB75B00E6139C /* Persistency.xcdatamodel */,
			);
			currentVersion = A1C95942253DB75B00E6139C /* Persistency.xcdatamodel */;
			path = Persistency.xcdatamodeld;
			sourceTree = "<group>";
			versionGroupType = wrapper.xcdatamodel;
		};
/* End XCVersionGroup section */
	};
	rootObject = A1C9592D253DB75B00E6139C /* Project object */;
}
