// !$*UTF8*$!
{
	archiveVersion = 1;
	classes = {
	};
	objectVersion = 50;
	objects = {

/* Begin PBXBuildFile section */
		A19A1ECD251906E500BB625F /* AppDelegate.swift in Sources */ = {isa = PBXBuildFile; fileRef = A19A1ECC251906E500BB625F /* AppDelegate.swift */; };
		A19A1ECF251906E500BB625F /* SceneDelegate.swift in Sources */ = {isa = PBXBuildFile; fileRef = A19A1ECE251906E500BB625F /* SceneDelegate.swift */; };
		A19A1ED1251906E500BB625F /* ViewController.swift in Sources */ = {isa = PBXBuildFile; fileRef = A19A1ED0251906E500BB625F /* ViewController.swift */; };
		A19A1ED4251906E500BB625F /* Main.storyboard in Resources */ = {isa = PBXBuildFile; fileRef = A19A1ED2251906E500BB625F /* Main.storyboard */; };
		A19A1ED6251906E600BB625F /* Assets.xcassets in Resources */ = {isa = PBXBuildFile; fileRef = A19A1ED5251906E600BB625F /* Assets.xcassets */; };
		A19A1ED9251906E600BB625F /* LaunchScreen.storyboard in Resources */ = {isa = PBXBuildFile; fileRef = A19A1ED7251906E600BB625F /* LaunchScreen.storyboard */; };
		A19A1EE22519078A00BB625F /* DataProvider.swift in Sources */ = {isa = PBXBuildFile; fileRef = A19A1EE12519078A00BB625F /* DataProvider.swift */; };
		A19A1EE5251911B700BB625F /* Person.swift in Sources */ = {isa = PBXBuildFile; fileRef = A19A1EE4251911B700BB625F /* Person.swift */; };
/* End PBXBuildFile section */

/* Begin PBXFileReference section */
		A19A1EC9251906E500BB625F /* SwiftProgrammers.app */ = {isa = PBXFileReference; explicitFileType = wrapper.application; includeInIndex = 0; path = SwiftProgrammers.app; sourceTree = BUILT_PRODUCTS_DIR; };
		A19A1ECC251906E500BB625F /* AppDelegate.swift */ = {isa = PBXFileReference; lastKnownFileType = sourcecode.swift; path = AppDelegate.swift; sourceTree = "<group>"; };
		A19A1ECE251906E500BB625F /* SceneDelegate.swift */ = {isa = PBXFileReference; lastKnownFileType = sourcecode.swift; path = SceneDelegate.swift; sourceTree = "<group>"; };
		A19A1ED0251906E500BB625F /* ViewController.swift */ = {isa = PBXFileReference; lastKnownFileType = sourcecode.swift; path = ViewController.swift; sourceTree = "<group>"; };
		A19A1ED3251906E500BB625F /* Base */ = {isa = PBXFileReference; lastKnownFileType = file.storyboard; name = Base; path = Base.lproj/Main.storyboard; sourceTree = "<group>"; };
		A19A1ED5251906E600BB625F /* Assets.xcassets */ = {isa = PBXFileReference; lastKnownFileType = folder.assetcatalog; path = Assets.xcassets; sourceTree = "<group>"; };
		A19A1ED8251906E600BB625F /* Base */ = {isa = PBXFileReference; lastKnownFileType = file.storyboard; name = Base; path = Base.lproj/LaunchScreen.storyboard; sourceTree = "<group>"; };
		A19A1EDA251906E600BB625F /* Info.plist */ = {isa = PBXFileReference; lastKnownFileType = text.plist.xml; path = Info.plist; sourceTree = "<group>"; };
		A19A1EE12519078A00BB625F /* DataProvider.swift */ = {isa = PBXFileReference; lastKnownFileType = sourcecode.swift; path = DataProvider.swift; sourceTree = "<group>"; };
		A19A1EE4251911B700BB625F /* Person.swift */ = {isa = PBXFileReference; lastKnownFileType = sourcecode.swift; path = Person.swift; sourceTree = "<group>"; };
/* End PBXFileReference section */

/* Begin PBXFrameworksBuildPhase section */
		A19A1EC6251906E500BB625F /* Frameworks */ = {
			isa = PBXFrameworksBuildPhase;
			buildActionMask = 2147483647;
			files = (
			);
			runOnlyForDeploymentPostprocessing = 0;
		};
/* End PBXFrameworksBuildPhase section */

/* Begin PBXGroup section */
		A19A1EC0251906E500BB625F = {
			isa = PBXGroup;
			children = (
				A19A1ECB251906E500BB625F /* SwiftProgrammers */,
				A19A1ECA251906E500BB625F /* Products */,
			);
			sourceTree = "<group>";
		};
		A19A1ECA251906E500BB625F /* Products */ = {
			isa = PBXGroup;
			children = (
				A19A1EC9251906E500BB625F /* SwiftProgrammers.app */,
			);
			name = Products;
			sourceTree = "<group>";
		};
		A19A1ECB251906E500BB625F /* SwiftProgrammers */ = {
			isa = PBXGroup;
			children = (
				A19A1ECC251906E500BB625F /* AppDelegate.swift */,
				A19A1ECE251906E500BB625F /* SceneDelegate.swift */,
				A19A1ED0251906E500BB625F /* ViewController.swift */,
				A19A1ED2251906E500BB625F /* Main.storyboard */,
				A19A1ED5251906E600BB625F /* Assets.xcassets */,
				A19A1ED7251906E600BB625F /* LaunchScreen.storyboard */,
				A19A1EDA251906E600BB625F /* Info.plist */,
				A19A1EE12519078A00BB625F /* DataProvider.swift */,
				A19A1EE4251911B700BB625F /* Person.swift */,
			);
			path = SwiftProgrammers;
			sourceTree = "<group>";
		};
/* End PBXGroup section */

/* Begin PBXNativeTarget section */
		A19A1EC8251906E500BB625F /* SwiftProgrammers */ = {
			isa = PBXNativeTarget;
			buildConfigurationList = A19A1EDD251906E600BB625F /* Build configuration list for PBXNativeTarget "SwiftProgrammers" */;
			buildPhases = (
				A19A1EC5251906E500BB625F /* Sources */,
				A19A1EC6251906E500BB625F /* Frameworks */,
				A19A1EC7251906E500BB625F /* Resources */,
			);
			buildRules = (
			);
			dependencies = (
			);
			name = SwiftProgrammers;
			productName = SwiftProgrammers;
			productReference = A19A1EC9251906E500BB625F /* SwiftProgrammers.app */;
			productType = "com.apple.product-type.application";
		};
/* End PBXNativeTarget section */

/* Begin PBXProject section */
		A19A1EC1251906E500BB625F /* Project object */ = {
			isa = PBXProject;
			attributes = {
				LastSwiftUpdateCheck = 1200;
				LastUpgradeCheck = 1200;
				TargetAttributes = {
					A19A1EC8251906E500BB625F = {
						CreatedOnToolsVersion = 12.0;
					};
				};
			};
			buildConfigurationList = A19A1EC4251906E500BB625F /* Build configuration list for PBXProject "SwiftProgrammers" */;
			compatibilityVersion = "Xcode 9.3";
			developmentRegion = en;
			hasScannedForEncodings = 0;
			knownRegions = (
				en,
				Base,
			);
			mainGroup = A19A1EC0251906E500BB625F;
			productRefGroup = A19A1ECA251906E500BB625F /* Products */;
			projectDirPath = "";
			projectRoot = "";
			targets = (
				A19A1EC8251906E500BB625F /* SwiftProgrammers */,
			);
		};
/* End PBXProject section */

/* Begin PBXResourcesBuildPhase section */
		A19A1EC7251906E500BB625F /* Resources */ = {
			isa = PBXResourcesBuildPhase;
			buildActionMask = 2147483647;
			files = (
				A19A1ED9251906E600BB625F /* LaunchScreen.storyboard in Resources */,
				A19A1ED6251906E600BB625F /* Assets.xcassets in Resources */,
				A19A1ED4251906E500BB625F /* Main.storyboard in Resources */,
			);
			runOnlyForDeploymentPostprocessing = 0;
		};
/* End PBXResourcesBuildPhase section */

/* Begin PBXSourcesBuildPhase section */
		A19A1EC5251906E500BB625F /* Sources */ = {
			isa = PBXSourcesBuildPhase;
			buildActionMask = 2147483647;
			files = (
				A19A1EE5251911B700BB625F /* Person.swift in Sources */,
				A19A1ED1251906E500BB625F /* ViewController.swift in Sources */,
				A19A1ECD251906E500BB625F /* AppDelegate.swift in Sources */,
				A19A1EE22519078A00BB625F /* DataProvider.swift in Sources */,
				A19A1ECF251906E500BB625F /* SceneDelegate.swift in Sources */,
			);
			runOnlyForDeploymentPostprocessing = 0;
		};
/* End PBXSourcesBuildPhase section */

/* Begin PBXVariantGroup section */
		A19A1ED2251906E500BB625F /* Main.storyboard */ = {
			isa = PBXVariantGroup;
			children = (
				A19A1ED3251906E500BB625F /* Base */,
			);
			name = Main.storyboard;
			sourceTree = "<group>";
		};
		A19A1ED7251906E600BB625F /* LaunchScreen.storyboard */ = {
			isa = PBXVariantGroup;
			children = (
				A19A1ED8251906E600BB625F /* Base */,
			);
			name = LaunchScreen.storyboard;
			sourceTree = "<group>";
		};
/* End PBXVariantGroup section */

/* Begin XCBuildConfiguration section */
		A19A1EDB251906E600BB625F /* Debug */ = {
			isa = XCBuildConfiguration;
			buildSettings = {
				ALWAYS_SEARCH_USER_PATHS = NO;
				CLANG_ANALYZER_NONNULL = YES;
				CLANG_ANALYZER_NUMBER_OBJECT_CONVERSION = YES_AGGRESSIVE;
				CLANG_CXX_LANGUAGE_STANDARD = "gnu++14";
				CLANG_CXX_LIBRARY = "libc++";
				CLANG_ENABLE_MODULES = YES;
				CLANG_ENABLE_OBJC_ARC = YES;
				CLANG_ENABLE_OBJC_WEAK = YES;
				CLANG_WARN_BLOCK_CAPTURE_AUTORELEASING = YES;
				CLANG_WARN_BOOL_CONVERSION = YES;
				CLANG_WARN_COMMA = YES;
				CLANG_WARN_CONSTANT_CONVERSION = YES;
				CLANG_WARN_DEPRECATED_OBJC_IMPLEMENTATIONS = YES;
				CLANG_WARN_DIRECT_OBJC_ISA_USAGE = YES_ERROR;
				CLANG_WARN_DOCUMENTATION_COMMENTS = YES;
				CLANG_WARN_EMPTY_BODY = YES;
				CLANG_WARN_ENUM_CONVERSION = YES;
				CLANG_WARN_INFINITE_RECURSION = YES;
				CLANG_WARN_INT_CONVERSION = YES;
				CLANG_WARN_NON_LITERAL_NULL_CONVERSION = YES;
				CLANG_WARN_OBJC_IMPLICIT_RETAIN_SELF = YES;
				CLANG_WARN_OBJC_LITERAL_CONVERSION = YES;
				CLANG_WARN_OBJC_ROOT_CLASS = YES_ERROR;
				CLANG_WARN_QUOTED_INCLUDE_IN_FRAMEWORK_HEADER = YES;
				CLANG_WARN_RANGE_LOOP_ANALYSIS = YES;
				CLANG_WARN_STRICT_PROTOTYPES = YES;
				CLANG_WARN_SUSPICIOUS_MOVE = YES;
				CLANG_WARN_UNGUARDED_AVAILABILITY = YES_AGGRESSIVE;
				CLANG_WARN_UNREACHABLE_CODE = YES;
				CLANG_WARN__DUPLICATE_METHOD_MATCH = YES;
				COPY_PHASE_STRIP = NO;
				DEBUG_INFORMATION_FORMAT = dwarf;
				ENABLE_STRICT_OBJC_MSGSEND = YES;
				ENABLE_TESTABILITY = YES;
				GCC_C_LANGUAGE_STANDARD = gnu11;
				GCC_DYNAMIC_NO_PIC = NO;
				GCC_NO_COMMON_BLOCKS = YES;
				GCC_OPTIMIZATION_LEVEL = 0;
				GCC_PREPROCESSOR_DEFINITIONS = (
					"DEBUG=1",
					"$(inherited)",
				);
				GCC_WARN_64_TO_32_BIT_CONVERSION = YES;
				GCC_WARN_ABOUT_RETURN_TYPE = YES_ERROR;
				GCC_WARN_UNDECLARED_SELECTOR = YES;
				GCC_WARN_UNINITIALIZED_AUTOS = YES_AGGRESSIVE;
				GCC_WARN_UNUSED_FUNCTION = YES;
				GCC_WARN_UNUSED_VARIABLE = YES;
				IPHONEOS_DEPLOYMENT_TARGET = 14.0;
				MTL_ENABLE_DEBUG_INFO = INCLUDE_SOURCE;
				MTL_FAST_MATH = YES;
				ONLY_ACTIVE_ARCH = YES;
				SDKROOT = iphoneos;
				SWIFT_ACTIVE_COMPILATION_CONDITIONS = DEBUG;
				SWIFT_OPTIMIZATION_LEVEL = "-Onone";
			};
			name = Debug;
		};
		A19A1EDC251906E600BB625F /* Release */ = {
			isa = XCBuildConfiguration;
			buildSettings = {
				ALWAYS_SEARCH_USER_PATHS = NO;
				CLANG_ANALYZER_NONNULL = YES;
				CLANG_ANALYZER_NUMBER_OBJECT_CONVERSION = YES_AGGRESSIVE;
				CLANG_CXX_LANGUAGE_STANDARD = "gnu++14";
				CLANG_CXX_LIBRARY = "libc++";
				CLANG_ENABLE_MODULES = YES;
				CLANG_ENABLE_OBJC_ARC = YES;
				CLANG_ENABLE_OBJC_WEAK = YES;
				CLANG_WARN_BLOCK_CAPTURE_AUTORELEASING = YES;
				CLANG_WARN_BOOL_CONVERSION = YES;
				CLANG_WARN_COMMA = YES;
				CLANG_WARN_CONSTANT_CONVERSION = YES;
				CLANG_WARN_DEPRECATED_OBJC_IMPLEMENTATIONS = YES;
				CLANG_WARN_DIRECT_OBJC_ISA_USAGE = YES_ERROR;
				CLANG_WARN_DOCUMENTATION_COMMENTS = YES;
				CLANG_WARN_EMPTY_BODY = YES;
				CLANG_WARN_ENUM_CONVERSION = YES;
				CLANG_WARN_INFINITE_RECURSION = YES;
				CLANG_WARN_INT_CONVERSION = YES;
				CLANG_WARN_NON_LITERAL_NULL_CONVERSION = YES;
				CLANG_WARN_OBJC_IMPLICIT_RETAIN_SELF = YES;
				CLANG_WARN_OBJC_LITERAL_CONVERSION = YES;
				CLANG_WARN_OBJC_ROOT_CLASS = YES_ERROR;
				CLANG_WARN_QUOTED_INCLUDE_IN_FRAMEWORK_HEADER = YES;
				CLANG_WARN_RANGE_LOOP_ANALYSIS = YES;
				CLANG_WARN_STRICT_PROTOTYPES = YES;
				CLANG_WARN_SUSPICIOUS_MOVE = YES;
				CLANG_WARN_UNGUARDED_AVAILABILITY = YES_AGGRESSIVE;
				CLANG_WARN_UNREACHABLE_CODE = YES;
				CLANG_WARN__DUPLICATE_METHOD_MATCH = YES;
				COPY_PHASE_STRIP = NO;
				DEBUG_INFORMATION_FORMAT = "dwarf-with-dsym";
				ENABLE_NS_ASSERTIONS = NO;
				ENABLE_STRICT_OBJC_MSGSEND = YES;
				GCC_C_LANGUAGE_STANDARD = gnu11;
				GCC_NO_COMMON_BLOCKS = YES;
				GCC_WARN_64_TO_32_BIT_CONVERSION = YES;
				GCC_WARN_ABOUT_RETURN_TYPE = YES_ERROR;
				GCC_WARN_UNDECLARED_SELECTOR = YES;
				GCC_WARN_UNINITIALIZED_AUTOS = YES_AGGRESSIVE;
				GCC_WARN_UNUSED_FUNCTION = YES;
				GCC_WARN_UNUSED_VARIABLE = YES;
				IPHONEOS_DEPLOYMENT_TARGET = 14.0;
				MTL_ENABLE_DEBUG_INFO = NO;
				MTL_FAST_MATH = YES;
				SDKROOT = iphoneos;
				SWIFT_COMPILATION_MODE = wholemodule;
				SWIFT_OPTIMIZATION_LEVEL = "-O";
				VALIDATE_PRODUCT = YES;
			};
			name = Release;
		};
		A19A1EDE251906E600BB625F /* Debug */ = {
			isa = XCBuildConfiguration;
			buildSettings = {
				ASSETCATALOG_COMPILER_APPICON_NAME = AppIcon;
				ASSETCATALOG_COMPILER_GLOBAL_ACCENT_COLOR_NAME = AccentColor;
				CODE_SIGN_STYLE = Automatic;
				INFOPLIST_FILE = SwiftProgrammers/Info.plist;
				LD_RUNPATH_SEARCH_PATHS = (
					"$(inherited)",
					"@executable_path/Frameworks",
				);
				PRODUCT_BUNDLE_IDENTIFIER = ch.hslu.ios.SwiftProgrammers;
				PRODUCT_NAME = "$(TARGET_NAME)";
				SWIFT_VERSION = 5.0;
				TARGETED_DEVICE_FAMILY = "1,2";
			};
			name = Debug;
		};
		A19A1EDF251906E600BB625F /* Release */ = {
			isa = XCBuildConfiguration;
			buildSettings = {
				ASSETCATALOG_COMPILER_APPICON_NAME = AppIcon;
				ASSETCATALOG_COMPILER_GLOBAL_ACCENT_COLOR_NAME = AccentColor;
				CODE_SIGN_STYLE = Automatic;
				INFOPLIST_FILE = SwiftProgrammers/Info.plist;
				LD_RUNPATH_SEARCH_PATHS = (
					"$(inherited)",
					"@executable_path/Frameworks",
				);
				PRODUCT_BUNDLE_IDENTIFIER = ch.hslu.ios.SwiftProgrammers;
				PRODUCT_NAME = "$(TARGET_NAME)";
				SWIFT_VERSION = 5.0;
				TARGETED_DEVICE_FAMILY = "1,2";
			};
			name = Release;
		};
/* End XCBuildConfiguration section */

/* Begin XCConfigurationList section */
		A19A1EC4251906E500BB625F /* Build configuration list for PBXProject "SwiftProgrammers" */ = {
			isa = XCConfigurationList;
			buildConfigurations = (
				A19A1EDB251906E600BB625F /* Debug */,
				A19A1EDC251906E600BB625F /* Release */,
			);
			defaultConfigurationIsVisible = 0;
			defaultConfigurationName = Release;
		};
		A19A1EDD251906E600BB625F /* Build configuration list for PBXNativeTarget "SwiftProgrammers" */ = {
			isa = XCConfigurationList;
			buildConfigurations = (
				A19A1EDE251906E600BB625F /* Debug */,
				A19A1EDF251906E600BB625F /* Release */,
			);
			defaultConfigurationIsVisible = 0;
			defaultConfigurationName = Release;
		};
/* End XCConfigurationList section */
	};
	rootObject = A19A1EC1251906E500BB625F /* Project object */;
}
